// !$*UTF8*$!
{
	archiveVersion = 1;
	classes = {
	};
	objectVersion = 46;
	objects = {

/* Begin PBXBuildFile section */
		D0F007E21EAF494D00E85B1B /* main.m in Sources */ = {isa = PBXBuildFile; fileRef = D0F007E11EAF494D00E85B1B /* main.m */; };
		D0F007E51EAF494D00E85B1B /* AppDelegate.m in Sources */ = {isa = PBXBuildFile; fileRef = D0F007E41EAF494D00E85B1B /* AppDelegate.m */; };
		D0F007E81EAF494D00E85B1B /* ViewController.m in Sources */ = {isa = PBXBuildFile; fileRef = D0F007E71EAF494D00E85B1B /* ViewController.m */; };
		D0F007EB1EAF494D00E85B1B /* Main.storyboard in Resources */ = {isa = PBXBuildFile; fileRef = D0F007E91EAF494D00E85B1B /* Main.storyboard */; };
		D0F007ED1EAF494D00E85B1B /* Assets.xcassets in Resources */ = {isa = PBXBuildFile; fileRef = D0F007EC1EAF494D00E85B1B /* Assets.xcassets */; };
		D0F007F01EAF494D00E85B1B /* LaunchScreen.storyboard in Resources */ = {isa = PBXBuildFile; fileRef = D0F007EE1EAF494D00E85B1B /* LaunchScreen.storyboard */; };
		D0F007FB1EAF494E00E85B1B /* YHtestTests.m in Sources */ = {isa = PBXBuildFile; fileRef = D0F007FA1EAF494E00E85B1B /* YHtestTests.m */; };
		D0F008061EAF494E00E85B1B /* YHtestUITests.m in Sources */ = {isa = PBXBuildFile; fileRef = D0F008051EAF494E00E85B1B /* YHtestUITests.m */; };
		D0F008141EAF495600E85B1B /* IMG_0069.JPG in Resources */ = {isa = PBXBuildFile; fileRef = D0F008131EAF495600E85B1B /* IMG_0069.JPG */; };
/* End PBXBuildFile section */

/* Begin PBXContainerItemProxy section */
		D0F007F71EAF494E00E85B1B /* PBXContainerItemProxy */ = {
			isa = PBXContainerItemProxy;
			containerPortal = D0F007D51EAF494D00E85B1B /* Project object */;
			proxyType = 1;
			remoteGlobalIDString = D0F007DC1EAF494D00E85B1B;
			remoteInfo = YHtest;
		};
		D0F008021EAF494E00E85B1B /* PBXContainerItemProxy */ = {
			isa = PBXContainerItemProxy;
			containerPortal = D0F007D51EAF494D00E85B1B /* Project object */;
			proxyType = 1;
			remoteGlobalIDString = D0F007DC1EAF494D00E85B1B;
			remoteInfo = YHtest;
		};
/* End PBXContainerItemProxy section */

/* Begin PBXFileReference section */
		D0F007DD1EAF494D00E85B1B /* YHtest.app */ = {isa = PBXFileReference; explicitFileType = wrapper.application; includeInIndex = 0; path = YHtest.app; sourceTree = BUILT_PRODUCTS_DIR; };
		D0F007E11EAF494D00E85B1B /* main.m */ = {isa = PBXFileReference; lastKnownFileType = sourcecode.c.objc; path = main.m; sourceTree = "<group>"; };
		D0F007E31EAF494D00E85B1B /* AppDelegate.h */ = {isa = PBXFileReference; lastKnownFileType = sourcecode.c.h; path = AppDelegate.h; sourceTree = "<group>"; };
		D0F007E41EAF494D00E85B1B /* AppDelegate.m */ = {isa = PBXFileReference; lastKnownFileType = sourcecode.c.objc; path = AppDelegate.m; sourceTree = "<group>"; };
		D0F007E61EAF494D00E85B1B /* ViewController.h */ = {isa = PBXFileReference; lastKnownFileType = sourcecode.c.h; path = ViewController.h; sourceTree = "<group>"; };
		D0F007E71EAF494D00E85B1B /* ViewController.m */ = {isa = PBXFileReference; lastKnownFileType = sourcecode.c.objc; path = ViewController.m; sourceTree = "<group>"; };
		D0F007EA1EAF494D00E85B1B /* Base */ = {isa = PBXFileReference; lastKnownFileType = file.storyboard; name = Base; path = Base.lproj/Main.storyboard; sourceTree = "<group>"; };
		D0F007EC1EAF494D00E85B1B /* Assets.xcassets */ = {isa = PBXFileReference; lastKnownFileType = folder.assetcatalog; path = Assets.xcassets; sourceTree = "<group>"; };
		D0F007EF1EAF494D00E85B1B /* Base */ = {isa = PBXFileReference; lastKnownFileType = file.storyboard; name = Base; path = Base.lproj/LaunchScreen.storyboard; sourceTree = "<group>"; };
		D0F007F11EAF494D00E85B1B /* Info.plist */ = {isa = PBXFileReference; lastKnownFileType = text.plist.xml; path = Info.plist; sourceTree = "<group>"; };
		D0F007F61EAF494E00E85B1B /* YHtestTests.xctest */ = {isa = PBXFileReference; explicitFileType = wrapper.cfbundle; includeInIndex = 0; path = YHtestTests.xctest; sourceTree = BUILT_PRODUCTS_DIR; };
		D0F007FA1EAF494E00E85B1B /* YHtestTests.m */ = {isa = PBXFileReference; lastKnownFileType = sourcecode.c.objc; path = YHtestTests.m; sourceTree = "<group>"; };
		D0F007FC1EAF494E00E85B1B /* Info.plist */ = {isa = PBXFileReference; lastKnownFileType = text.plist.xml; path = Info.plist; sourceTree = "<group>"; };
		D0F008011EAF494E00E85B1B /* YHtestUITests.xctest */ = {isa = PBXFileReference; explicitFileType = wrapper.cfbundle; includeInIndex = 0; path = YHtestUITests.xctest; sourceTree = BUILT_PRODUCTS_DIR; };
		D0F008051EAF494E00E85B1B /* YHtestUITests.m */ = {isa = PBXFileReference; lastKnownFileType = sourcecode.c.objc; path = YHtestUITests.m; sourceTree = "<group>"; };
		D0F008071EAF494E00E85B1B /* Info.plist */ = {isa = PBXFileReference; lastKnownFileType = text.plist.xml; path = Info.plist; sourceTree = "<group>"; };
		D0F008131EAF495600E85B1B /* IMG_0069.JPG */ = {isa = PBXFileReference; lastKnownFileType = image.jpeg; path = IMG_0069.JPG; sourceTree = "<group>"; };
/* End PBXFileReference section */

/* Begin PBXFrameworksBuildPhase section */
		D0F007DA1EAF494D00E85B1B /* Frameworks */ = {
			isa = PBXFrameworksBuildPhase;
			buildActionMask = 2147483647;
			files = (
			);
			runOnlyForDeploymentPostprocessing = 0;
		};
		D0F007F31EAF494E00E85B1B /* Frameworks */ = {
			isa = PBXFrameworksBuildPhase;
			buildActionMask = 2147483647;
			files = (
			);
			runOnlyForDeploymentPostprocessing = 0;
		};
		D0F007FE1EAF494E00E85B1B /* Frameworks */ = {
			isa = PBXFrameworksBuildPhase;
			buildActionMask = 2147483647;
			files = (
			);
			runOnlyForDeploymentPostprocessing = 0;
		};
/* End PBXFrameworksBuildPhase section */

/* Begin PBXGroup section */
		D0F007D41EAF494D00E85B1B = {
			isa = PBXGroup;
			children = (
				D0F007DF1EAF494D00E85B1B /* YHtest */,
				D0F007F91EAF494E00E85B1B /* YHtestTests */,
				D0F008041EAF494E00E85B1B /* YHtestUITests */,
				D0F007DE1EAF494D00E85B1B /* Products */,
			);
			sourceTree = "<group>";
		};
		D0F007DE1EAF494D00E85B1B /* Products */ = {
			isa = PBXGroup;
			children = (
				D0F007DD1EAF494D00E85B1B /* YHtest.app */,
				D0F007F61EAF494E00E85B1B /* YHtestTests.xctest */,
				D0F008011EAF494E00E85B1B /* YHtestUITests.xctest */,
			);
			name = Products;
			sourceTree = "<group>";
		};
		D0F007DF1EAF494D00E85B1B /* YHtest */ = {
			isa = PBXGroup;
			children = (
				D0F007E31EAF494D00E85B1B /* AppDelegate.h */,
				D0F007E41EAF494D00E85B1B /* AppDelegate.m */,
				D0F007E61EAF494D00E85B1B /* ViewController.h */,
				D0F007E71EAF494D00E85B1B /* ViewController.m */,
				D0F007E91EAF494D00E85B1B /* Main.storyboard */,
				D0F007EC1EAF494D00E85B1B /* Assets.xcassets */,
				D0F008131EAF495600E85B1B /* IMG_0069.JPG */,
				D0F007EE1EAF494D00E85B1B /* LaunchScreen.storyboard */,
				D0F007F11EAF494D00E85B1B /* Info.plist */,
				D0F007E01EAF494D00E85B1B /* Supporting Files */,
			);
			path = YHtest;
			sourceTree = "<group>";
		};
		D0F007E01EAF494D00E85B1B /* Supporting Files */ = {
			isa = PBXGroup;
			children = (
				D0F007E11EAF494D00E85B1B /* main.m */,
			);
			name = "Supporting Files";
			sourceTree = "<group>";
		};
		D0F007F91EAF494E00E85B1B /* YHtestTests */ = {
			isa = PBXGroup;
			children = (
				D0F007FA1EAF494E00E85B1B /* YHtestTests.m */,
				D0F007FC1EAF494E00E85B1B /* Info.plist */,
			);
			path = YHtestTests;
			sourceTree = "<group>";
		};
		D0F008041EAF494E00E85B1B /* YHtestUITests */ = {
			isa = PBXGroup;
			children = (
				D0F008051EAF494E00E85B1B /* YHtestUITests.m */,
				D0F008071EAF494E00E85B1B /* Info.plist */,
			);
			path = YHtestUITests;
			sourceTree = "<group>";
		};
/* End PBXGroup section */

/* Begin PBXNativeTarget section */
		D0F007DC1EAF494D00E85B1B /* YHtest */ = {
			isa = PBXNativeTarget;
			buildConfigurationList = D0F0080A1EAF494E00E85B1B /* Build configuration list for PBXNativeTarget "YHtest" */;
			buildPhases = (
				D0F007D91EAF494D00E85B1B /* Sources */,
				D0F007DA1EAF494D00E85B1B /* Frameworks */,
				D0F007DB1EAF494D00E85B1B /* Resources */,
			);
			buildRules = (
			);
			dependencies = (
			);
			name = YHtest;
			productName = YHtest;
			productReference = D0F007DD1EAF494D00E85B1B /* YHtest.app */;
			productType = "com.apple.product-type.application";
		};
		D0F007F51EAF494E00E85B1B /* YHtestTests */ = {
			isa = PBXNativeTarget;
			buildConfigurationList = D0F0080D1EAF494E00E85B1B /* Build configuration list for PBXNativeTarget "YHtestTests" */;
			buildPhases = (
				D0F007F21EAF494E00E85B1B /* Sources */,
				D0F007F31EAF494E00E85B1B /* Frameworks */,
				D0F007F41EAF494E00E85B1B /* Resources */,
			);
			buildRules = (
			);
			dependencies = (
				D0F007F81EAF494E00E85B1B /* PBXTargetDependency */,
			);
			name = YHtestTests;
			productName = YHtestTests;
			productReference = D0F007F61EAF494E00E85B1B /* YHtestTests.xctest */;
			productType = "com.apple.product-type.bundle.unit-test";
		};
		D0F008001EAF494E00E85B1B /* YHtestUITests */ = {
			isa = PBXNativeTarget;
			buildConfigurationList = D0F008101EAF494E00E85B1B /* Build configuration list for PBXNativeTarget "YHtestUITests" */;
			buildPhases = (
				D0F007FD1EAF494E00E85B1B /* Sources */,
				D0F007FE1EAF494E00E85B1B /* Frameworks */,
				D0F007FF1EAF494E00E85B1B /* Resources */,
			);
			buildRules = (
			);
			dependencies = (
				D0F008031EAF494E00E85B1B /* PBXTargetDependency */,
			);
			name = YHtestUITests;
			productName = YHtestUITests;
			productReference = D0F008011EAF494E00E85B1B /* YHtestUITests.xctest */;
			productType = "com.apple.product-type.bundle.ui-testing";
		};
/* End PBXNativeTarget section */

/* Begin PBXProject section */
		D0F007D51EAF494D00E85B1B /* Project object */ = {
			isa = PBXProject;
			attributes = {
				LastUpgradeCheck = 0820;
				ORGANIZATIONNAME = t4;
				TargetAttributes = {
					D0F007DC1EAF494D00E85B1B = {
						CreatedOnToolsVersion = 8.2.1;
						DevelopmentTeam = S4MNKC554A;
						ProvisioningStyle = Automatic;
					};
					D0F007F51EAF494E00E85B1B = {
						CreatedOnToolsVersion = 8.2.1;
						DevelopmentTeam = S4MNKC554A;
						ProvisioningStyle = Automatic;
						TestTargetID = D0F007DC1EAF494D00E85B1B;
					};
					D0F008001EAF494E00E85B1B = {
						CreatedOnToolsVersion = 8.2.1;
						DevelopmentTeam = S4MNKC554A;
						ProvisioningStyle = Automatic;
						TestTargetID = D0F007DC1EAF494D00E85B1B;
					};
				};
			};
			buildConfigurationList = D0F007D81EAF494D00E85B1B /* Build configuration list for PBXProject "YHtest" */;
			compatibilityVersion = "Xcode 3.2";
			developmentRegion = English;
			hasScannedForEncodings = 0;
			knownRegions = (
				en,
				Base,
			);
			mainGroup = D0F007D41EAF494D00E85B1B;
			productRefGroup = D0F007DE1EAF494D00E85B1B /* Products */;
			projectDirPath = "";
			projectRoot = "";
			targets = (
				D0F007DC1EAF494D00E85B1B /* YHtest */,
				D0F007F51EAF494E00E85B1B /* YHtestTests */,
				D0F008001EAF494E00E85B1B /* YHtestUITests */,
			);
		};
/* End PBXProject section */

/* Begin PBXResourcesBuildPhase section */
		D0F007DB1EAF494D00E85B1B /* Resources */ = {
			isa = PBXResourcesBuildPhase;
			buildActionMask = 2147483647;
			files = (
				D0F007F01EAF494D00E85B1B /* LaunchScreen.storyboard in Resources */,
				D0F007ED1EAF494D00E85B1B /* Assets.xcassets in Resources */,
				D0F008141EAF495600E85B1B /* IMG_0069.JPG in Resources */,
				D0F007EB1EAF494D00E85B1B /* Main.storyboard in Resources */,
			);
			runOnlyForDeploymentPostprocessing = 0;
		};
		D0F007F41EAF494E00E85B1B /* Resources */ = {
			isa = PBXResourcesBuildPhase;
			buildActionMask = 2147483647;
			files = (
			);
			runOnlyForDeploymentPostprocessing = 0;
		};
		D0F007FF1EAF494E00E85B1B /* Resources */ = {
			isa = PBXResourcesBuildPhase;
			buildActionMask = 2147483647;
			files = (
			);
			runOnlyForDeploymentPostprocessing = 0;
		};
/* End PBXResourcesBuildPhase section */

/* Begin PBXSourcesBuildPhase section */
		D0F007D91EAF494D00E85B1B /* Sources */ = {
			isa = PBXSourcesBuildPhase;
			buildActionMask = 2147483647;
			files = (
				D0F007E81EAF494D00E85B1B /* ViewController.m in Sources */,
				D0F007E51EAF494D00E85B1B /* AppDelegate.m in Sources */,
				D0F007E21EAF494D00E85B1B /* main.m in Sources */,
			);
			runOnlyForDeploymentPostprocessing = 0;
		};
		D0F007F21EAF494E00E85B1B /* Sources */ = {
			isa = PBXSourcesBuildPhase;
			buildActionMask = 2147483647;
			files = (
				D0F007FB1EAF494E00E85B1B /* YHtestTests.m in Sources */,
			);
			runOnlyForDeploymentPostprocessing = 0;
		};
		D0F007FD1EAF494E00E85B1B /* Sources */ = {
			isa = PBXSourcesBuildPhase;
			buildActionMask = 2147483647;
			files = (
				D0F008061EAF494E00E85B1B /* YHtestUITests.m in Sources */,
			);
			runOnlyForDeploymentPostprocessing = 0;
		};
/* End PBXSourcesBuildPhase section */

/* Begin PBXTargetDependency section */
		D0F007F81EAF494E00E85B1B /* PBXTargetDependency */ = {
			isa = PBXTargetDependency;
			target = D0F007DC1EAF494D00E85B1B /* YHtest */;
			targetProxy = D0F007F71EAF494E00E85B1B /* PBXContainerItemProxy */;
		};
		D0F008031EAF494E00E85B1B /* PBXTargetDependency */ = {
			isa = PBXTargetDependency;
			target = D0F007DC1EAF494D00E85B1B /* YHtest */;
			targetProxy = D0F008021EAF494E00E85B1B /* PBXContainerItemProxy */;
		};
/* End PBXTargetDependency section */

/* Begin PBXVariantGroup section */
		D0F007E91EAF494D00E85B1B /* Main.storyboard */ = {
			isa = PBXVariantGroup;
			children = (
				D0F007EA1EAF494D00E85B1B /* Base */,
			);
			name = Main.storyboard;
			sourceTree = "<group>";
		};
		D0F007EE1EAF494D00E85B1B /* LaunchScreen.storyboard */ = {
			isa = PBXVariantGroup;
			children = (
				D0F007EF1EAF494D00E85B1B /* Base */,
			);
			name = LaunchScreen.storyboard;
			sourceTree = "<group>";
		};
/* End PBXVariantGroup section */

/* Begin XCBuildConfiguration section */
		D0F008081EAF494E00E85B1B /* Debug */ = {
			isa = XCBuildConfiguration;
			buildSettings = {
				ALWAYS_SEARCH_USER_PATHS = NO;
				CLANG_ANALYZER_NONNULL = YES;
				CLANG_CXX_LANGUAGE_STANDARD = "gnu++0x";
				CLANG_CXX_LIBRARY = "libc++";
				CLANG_ENABLE_MODULES = YES;
				CLANG_ENABLE_OBJC_ARC = YES;
				CLANG_WARN_BOOL_CONVERSION = YES;
				CLANG_WARN_CONSTANT_CONVERSION = YES;
				CLANG_WARN_DIRECT_OBJC_ISA_USAGE = YES_ERROR;
				CLANG_WARN_DOCUMENTATION_COMMENTS = YES;
				CLANG_WARN_EMPTY_BODY = YES;
				CLANG_WARN_ENUM_CONVERSION = YES;
				CLANG_WARN_INFINITE_RECURSION = YES;
				CLANG_WARN_INT_CONVERSION = YES;
				CLANG_WARN_OBJC_ROOT_CLASS = YES_ERROR;
				CLANG_WARN_SUSPICIOUS_MOVE = YES;
				CLANG_WARN_UNREACHABLE_CODE = YES;
				CLANG_WARN__DUPLICATE_METHOD_MATCH = YES;
				"CODE_SIGN_IDENTITY[sdk=iphoneos*]" = "iPhone Developer";
				COPY_PHASE_STRIP = NO;
				DEBUG_INFORMATION_FORMAT = dwarf;
				ENABLE_STRICT_OBJC_MSGSEND = YES;
				ENABLE_TESTABILITY = YES;
				GCC_C_LANGUAGE_STANDARD = gnu99;
				GCC_DYNAMIC_NO_PIC = NO;
				GCC_NO_COMMON_BLOCKS = YES;
				GCC_OPTIMIZATION_LEVEL = 0;
				GCC_PREPROCESSOR_DEFINITIONS = (
					"DEBUG=1",
					"$(inherited)",
				);
				GCC_WARN_64_TO_32_BIT_CONVERSION = YES;
				GCC_WARN_ABOUT_RETURN_TYPE = YES_ERROR;
				GCC_WARN_UNDECLARED_SELECTOR = YES;
				GCC_WARN_UNINITIALIZED_AUTOS = YES_AGGRESSIVE;
				GCC_WARN_UNUSED_FUNCTION = YES;
				GCC_WARN_UNUSED_VARIABLE = YES;
				IPHONEOS_DEPLOYMENT_TARGET = 10.2;
				MTL_ENABLE_DEBUG_INFO = YES;
				ONLY_ACTIVE_ARCH = YES;
				SDKROOT = iphoneos;
				TARGETED_DEVICE_FAMILY = "1,2";
			};
			name = Debug;
		};
		D0F008091EAF494E00E85B1B /* Release */ = {
			isa = XCBuildConfiguration;
			buildSettings = {
				ALWAYS_SEARCH_USER_PATHS = NO;
				CLANG_ANALYZER_NONNULL = YES;
				CLANG_CXX_LANGUAGE_STANDARD = "gnu++0x";
				CLANG_CXX_LIBRARY = "libc++";
				CLANG_ENABLE_MODULES = YES;
				CLANG_ENABLE_OBJC_ARC = YES;
				CLANG_WARN_BOOL_CONVERSION = YES;
				CLANG_WARN_CONSTANT_CONVERSION = YES;
				CLANG_WARN_DIRECT_OBJC_ISA_USAGE = YES_ERROR;
				CLANG_WARN_DOCUMENTATION_COMMENTS = YES;
				CLANG_WARN_EMPTY_BODY = YES;
				CLANG_WARN_ENUM_CONVERSION = YES;
				CLANG_WARN_INFINITE_RECURSION = YES;
				CLANG_WARN_INT_CONVERSION = YES;
				CLANG_WARN_OBJC_ROOT_CLASS = YES_ERROR;
				CLANG_WARN_SUSPICIOUS_MOVE = YES;
				CLANG_WARN_UNREACHABLE_CODE = YES;
				CLANG_WARN__DUPLICATE_METHOD_MATCH = YES;
				"CODE_SIGN_IDENTITY[sdk=iphoneos*]" = "iPhone Developer";
				COPY_PHASE_STRIP = NO;
				DEBUG_INFORMATION_FORMAT = "dwarf-with-dsym";
				ENABLE_NS_ASSERTIONS = NO;
				ENABLE_STRICT_OBJC_MSGSEND = YES;
				GCC_C_LANGUAGE_STANDARD = gnu99;
				GCC_NO_COMMON_BLOCKS = YES;
				GCC_WARN_64_TO_32_BIT_CONVERSION = YES;
				GCC_WARN_ABOUT_RETURN_TYPE = YES_ERROR;
				GCC_WARN_UNDECLARED_SELECTOR = YES;
				GCC_WARN_UNINITIALIZED_AUTOS = YES_AGGRESSIVE;
				GCC_WARN_UNUSED_FUNCTION = YES;
				GCC_WARN_UNUSED_VARIABLE = YES;
				IPHONEOS_DEPLOYMENT_TARGET = 10.2;
				MTL_ENABLE_DEBUG_INFO = NO;
				SDKROOT = iphoneos;
				TARGETED_DEVICE_FAMILY = "1,2";
				VALIDATE_PRODUCT = YES;
			};
			name = Release;
		};
		D0F0080B1EAF494E00E85B1B /* Debug */ = {
			isa = XCBuildConfiguration;
			buildSettings = {
				ASSETCATALOG_COMPILER_APPICON_NAME = AppIcon;
				DEVELOPMENT_TEAM = S4MNKC554A;
				INFOPLIST_FILE = YHtest/Info.plist;
				LD_RUNPATH_SEARCH_PATHS = "$(inherited) @executable_path/Frameworks";
				PRODUCT_BUNDLE_IDENTIFIER = YH.YHtest;
				PRODUCT_NAME = "$(TARGET_NAME)";
			};
			name = Debug;
		};
		D0F0080C1EAF494E00E85B1B /* Release */ = {
			isa = XCBuildConfiguration;
			buildSettings = {
				ASSETCATALOG_COMPILER_APPICON_NAME = AppIcon;
				DEVELOPMENT_TEAM = S4MNKC554A;
				INFOPLIST_FILE = YHtest/Info.plist;
				LD_RUNPATH_SEARCH_PATHS = "$(inherited) @executable_path/Frameworks";
				PRODUCT_BUNDLE_IDENTIFIER = YH.YHtest;
				PRODUCT_NAME = "$(TARGET_NAME)";
			};
			name = Release;
		};
		D0F0080E1EAF494E00E85B1B /* Debug */ = {
			isa = XCBuildConfiguration;
			buildSettings = {
				BUNDLE_LOADER = "$(TEST_HOST)";
				DEVELOPMENT_TEAM = S4MNKC554A;
				INFOPLIST_FILE = YHtestTests/Info.plist;
				LD_RUNPATH_SEARCH_PATHS = "$(inherited) @executable_path/Frameworks @loader_path/Frameworks";
				PRODUCT_BUNDLE_IDENTIFIER = YH.YHtestTests;
				PRODUCT_NAME = "$(TARGET_NAME)";
				TEST_HOST = "$(BUILT_PRODUCTS_DIR)/YHtest.app/YHtest";
			};
			name = Debug;
		};
		D0F0080F1EAF494E00E85B1B /* Release */ = {
			isa = XCBuildConfiguration;
			buildSettings = {
				BUNDLE_LOADER = "$(TEST_HOST)";
				DEVELOPMENT_TEAM = S4MNKC554A;
				INFOPLIST_FILE = YHtestTests/Info.plist;
				LD_RUNPATH_SEARCH_PATHS = "$(inherited) @executable_path/Frameworks @loader_path/Frameworks";
				PRODUCT_BUNDLE_IDENTIFIER = YH.YHtestTests;
				PRODUCT_NAME = "$(TARGET_NAME)";
				TEST_HOST = "$(BUILT_PRODUCTS_DIR)/YHtest.app/YHtest";
			};
			name = Release;
		};
		D0F008111EAF494E00E85B1B /* Debug */ = {
			isa = XCBuildConfiguration;
			buildSettings = {
				DEVELOPMENT_TEAM = S4MNKC554A;
				INFOPLIST_FILE = YHtestUITests/Info.plist;
				LD_RUNPATH_SEARCH_PATHS = "$(inherited) @executable_path/Frameworks @loader_path/Frameworks";
				PRODUCT_BUNDLE_IDENTIFIER = YH.YHtestUITests;
				PRODUCT_NAME = "$(TARGET_NAME)";
				TEST_TARGET_NAME = YHtest;
			};
			name = Debug;
		};
		D0F008121EAF494E00E85B1B /* Release */ = {
			isa = XCBuildConfiguration;
			buildSettings = {
				DEVELOPMENT_TEAM = S4MNKC554A;
				INFOPLIST_FILE = YHtestUITests/Info.plist;
				LD_RUNPATH_SEARCH_PATHS = "$(inherited) @executable_path/Frameworks @loader_path/Frameworks";
				PRODUCT_BUNDLE_IDENTIFIER = YH.YHtestUITests;
				PRODUCT_NAME = "$(TARGET_NAME)";
				TEST_TARGET_NAME = YHtest;
			};
			name = Release;
		};
/* End XCBuildConfiguration section */

/* Begin XCConfigurationList section */
		D0F007D81EAF494D00E85B1B /* Build configuration list for PBXProject "YHtest" */ = {
			isa = XCConfigurationList;
			buildConfigurations = (
				D0F008081EAF494E00E85B1B /* Debug */,
				D0F008091EAF494E00E85B1B /* Release */,
			);
			defaultConfigurationIsVisible = 0;
			defaultConfigurationName = Release;
		};
		D0F0080A1EAF494E00E85B1B /* Build configuration list for PBXNativeTarget "YHtest" */ = {
			isa = XCConfigurationList;
			buildConfigurations = (
				D0F0080B1EAF494E00E85B1B /* Debug */,
				D0F0080C1EAF494E00E85B1B /* Release */,
			);
			defaultConfigurationIsVisible = 0;
		};
		D0F0080D1EAF494E00E85B1B /* Build configuration list for PBXNativeTarget "YHtestTests" */ = {
			isa = XCConfigurationList;
			buildConfigurations = (
				D0F0080E1EAF494E00E85B1B /* Debug */,
				D0F0080F1EAF494E00E85B1B /* Release */,
			);
			defaultConfigurationIsVisible = 0;
		};
		D0F008101EAF494E00E85B1B /* Build configuration list for PBXNativeTarget "YHtestUITests" */ = {
			isa = XCConfigurationList;
			buildConfigurations = (
				D0F008111EAF494E00E85B1B /* Debug */,
				D0F008121EAF494E00E85B1B /* Release */,
			);
			defaultConfigurationIsVisible = 0;
		};
/* End XCConfigurationList section */
	};
	rootObject = D0F007D51EAF494D00E85B1B /* Project object */;
}
